
Microsoft Visual Studio Solution File, Format Version 12.00
# Visual Studio Version 17
VisualStudioVersion = 17.8.34728.176
MinimumVisualStudioVersion = 10.0.40219.1
Project("{FAE04EC0-301F-11D3-BF4B-00C04F79EFBC}") = "Server", "Server\Server.csproj", "{71166A91-4ACC-44CE-A7B9-DEE5F715667C}"
EndProject
Global
	GlobalSection(SolutionConfigurationPlatforms) = preSolution
		Debug|Any CPU = Debug|Any CPU
		Release|Any CPU = Release|Any CPU
	EndGlobalSection
	GlobalSection(ProjectConfigurationPlatforms) = postSolution
		{71166A91-4ACC-44CE-A7B9-DEE5F715667C}.Debug|Any CPU.ActiveCfg = Debug|Any CPU
		{71166A91-4ACC-44CE-A7B9-DEE5F715667C}.Debug|Any CPU.Build.0 = Debug|Any CPU
		{71166A91-4ACC-44CE-A7B9-DEE5F715667C}.Release|Any CPU.ActiveCfg = Release|Any CPU
		{71166A91-4ACC-44CE-A7B9-DEE5F715667C}.Release|Any CPU.Build.0 = Release|Any CPU
	EndGlobalSection
	GlobalSection(SolutionProperties) = preSolution
		HideSolutionNode = FALSE
	EndGlobalSection
	GlobalSection(ExtensibilityGlobals) = postSolution
		SolutionGuid = {1D7C6BE2-054B-4FE4-B01B-5CE75AE9F0D2}
	EndGlobalSection
EndGlobal
